// !$*UTF8*$!
{
	archiveVersion = 1;
	classes = {
	};
	objectVersion = 46;
	objects = {

/* Begin PBXBuildFile section */
		527169671A72AA8400BBD003 /* AppDelegate.swift in Sources */ = {isa = PBXBuildFile; fileRef = 527169661A72AA8400BBD003 /* AppDelegate.swift */; };
		527169691A72AA8400BBD003 /* Images.xcassets in Resources */ = {isa = PBXBuildFile; fileRef = 527169681A72AA8400BBD003 /* Images.xcassets */; };
		5271696C1A72AA8400BBD003 /* MainMenu.xib in Resources */ = {isa = PBXBuildFile; fileRef = 5271696A1A72AA8400BBD003 /* MainMenu.xib */; };
		527169781A72AA8400BBD003 /* Sidebar_DemoTests.swift in Sources */ = {isa = PBXBuildFile; fileRef = 527169771A72AA8400BBD003 /* Sidebar_DemoTests.swift */; };
/* End PBXBuildFile section */

/* Begin PBXContainerItemProxy section */
		527169721A72AA8400BBD003 /* PBXContainerItemProxy */ = {
			isa = PBXContainerItemProxy;
			containerPortal = 527169591A72AA8400BBD003 /* Project object */;
			proxyType = 1;
			remoteGlobalIDString = 527169601A72AA8400BBD003;
			remoteInfo = "Sidebar Demo";
		};
/* End PBXContainerItemProxy section */

/* Begin PBXFileReference section */
		527169611A72AA8400BBD003 /* Sidebar Demo.app */ = {isa = PBXFileReference; explicitFileType = wrapper.application; includeInIndex = 0; path = "Sidebar Demo.app"; sourceTree = BUILT_PRODUCTS_DIR; };
		527169651A72AA8400BBD003 /* Info.plist */ = {isa = PBXFileReference; lastKnownFileType = text.plist.xml; path = Info.plist; sourceTree = "<group>"; };
		527169661A72AA8400BBD003 /* AppDelegate.swift */ = {isa = PBXFileReference; lastKnownFileType = sourcecode.swift; path = AppDelegate.swift; sourceTree = "<group>"; };
		527169681A72AA8400BBD003 /* Images.xcassets */ = {isa = PBXFileReference; lastKnownFileType = folder.assetcatalog; path = Images.xcassets; sourceTree = "<group>"; };
		5271696B1A72AA8400BBD003 /* Base */ = {isa = PBXFileReference; lastKnownFileType = file.xib; name = Base; path = Base.lproj/MainMenu.xib; sourceTree = "<group>"; };
		527169711A72AA8400BBD003 /* Sidebar DemoTests.xctest */ = {isa = PBXFileReference; explicitFileType = wrapper.cfbundle; includeInIndex = 0; path = "Sidebar DemoTests.xctest"; sourceTree = BUILT_PRODUCTS_DIR; };
		527169761A72AA8400BBD003 /* Info.plist */ = {isa = PBXFileReference; lastKnownFileType = text.plist.xml; path = Info.plist; sourceTree = "<group>"; };
		527169771A72AA8400BBD003 /* Sidebar_DemoTests.swift */ = {isa = PBXFileReference; lastKnownFileType = sourcecode.swift; path = Sidebar_DemoTests.swift; sourceTree = "<group>"; };
/* End PBXFileReference section */

/* Begin PBXFrameworksBuildPhase section */
		5271695E1A72AA8400BBD003 /* Frameworks */ = {
			isa = PBXFrameworksBuildPhase;
			buildActionMask = 2147483647;
			files = (
			);
			runOnlyForDeploymentPostprocessing = 0;
		};
		5271696E1A72AA8400BBD003 /* Frameworks */ = {
			isa = PBXFrameworksBuildPhase;
			buildActionMask = 2147483647;
			files = (
			);
			runOnlyForDeploymentPostprocessing = 0;
		};
/* End PBXFrameworksBuildPhase section */

/* Begin PBXGroup section */
		527169581A72AA8400BBD003 = {
			isa = PBXGroup;
			children = (
				527169631A72AA8400BBD003 /* Sidebar Demo */,
				527169741A72AA8400BBD003 /* Sidebar DemoTests */,
				527169621A72AA8400BBD003 /* Products */,
			);
			sourceTree = "<group>";
		};
		527169621A72AA8400BBD003 /* Products */ = {
			isa = PBXGroup;
			children = (
				527169611A72AA8400BBD003 /* Sidebar Demo.app */,
				527169711A72AA8400BBD003 /* Sidebar DemoTests.xctest */,
			);
			name = Products;
			sourceTree = "<group>";
		};
		527169631A72AA8400BBD003 /* Sidebar Demo */ = {
			isa = PBXGroup;
			children = (
				527169661A72AA8400BBD003 /* AppDelegate.swift */,
				527169681A72AA8400BBD003 /* Images.xcassets */,
				5271696A1A72AA8400BBD003 /* MainMenu.xib */,
				527169641A72AA8400BBD003 /* Supporting Files */,
			);
			path = "Sidebar Demo";
			sourceTree = "<group>";
		};
		527169641A72AA8400BBD003 /* Supporting Files */ = {
			isa = PBXGroup;
			children = (
				527169651A72AA8400BBD003 /* Info.plist */,
			);
			name = "Supporting Files";
			sourceTree = "<group>";
		};
		527169741A72AA8400BBD003 /* Sidebar DemoTests */ = {
			isa = PBXGroup;
			children = (
				527169771A72AA8400BBD003 /* Sidebar_DemoTests.swift */,
				527169751A72AA8400BBD003 /* Supporting Files */,
			);
			path = "Sidebar DemoTests";
			sourceTree = "<group>";
		};
		527169751A72AA8400BBD003 /* Supporting Files */ = {
			isa = PBXGroup;
			children = (
				527169761A72AA8400BBD003 /* Info.plist */,
			);
			name = "Supporting Files";
			sourceTree = "<group>";
		};
/* End PBXGroup section */

/* Begin PBXNativeTarget section */
		527169601A72AA8400BBD003 /* Sidebar Demo */ = {
			isa = PBXNativeTarget;
			buildConfigurationList = 5271697B1A72AA8400BBD003 /* Build configuration list for PBXNativeTarget "Sidebar Demo" */;
			buildPhases = (
				5271695D1A72AA8400BBD003 /* Sources */,
				5271695E1A72AA8400BBD003 /* Frameworks */,
				5271695F1A72AA8400BBD003 /* Resources */,
			);
			buildRules = (
			);
			dependencies = (
			);
			name = "Sidebar Demo";
			productName = "Sidebar Demo";
			productReference = 527169611A72AA8400BBD003 /* Sidebar Demo.app */;
			productType = "com.apple.product-type.application";
		};
		527169701A72AA8400BBD003 /* Sidebar DemoTests */ = {
			isa = PBXNativeTarget;
			buildConfigurationList = 5271697E1A72AA8400BBD003 /* Build configuration list for PBXNativeTarget "Sidebar DemoTests" */;
			buildPhases = (
				5271696D1A72AA8400BBD003 /* Sources */,
				5271696E1A72AA8400BBD003 /* Frameworks */,
				5271696F1A72AA8400BBD003 /* Resources */,
			);
			buildRules = (
			);
			dependencies = (
				527169731A72AA8400BBD003 /* PBXTargetDependency */,
			);
			name = "Sidebar DemoTests";
			productName = "Sidebar DemoTests";
			productReference = 527169711A72AA8400BBD003 /* Sidebar DemoTests.xctest */;
			productType = "com.apple.product-type.bundle.unit-test";
		};
/* End PBXNativeTarget section */

/* Begin PBXProject section */
		527169591A72AA8400BBD003 /* Project object */ = {
			isa = PBXProject;
			attributes = {
				LastUpgradeCheck = 0610;
				ORGANIZATIONNAME = xxx;
				TargetAttributes = {
					527169601A72AA8400BBD003 = {
						CreatedOnToolsVersion = 6.1.1;
					};
					527169701A72AA8400BBD003 = {
						CreatedOnToolsVersion = 6.1.1;
						TestTargetID = 527169601A72AA8400BBD003;
					};
				};
			};
			buildConfigurationList = 5271695C1A72AA8400BBD003 /* Build configuration list for PBXProject "Sidebar Demo" */;
			compatibilityVersion = "Xcode 3.2";
			developmentRegion = English;
			hasScannedForEncodings = 0;
			knownRegions = (
				en,
				Base,
			);
			mainGroup = 527169581A72AA8400BBD003;
			productRefGroup = 527169621A72AA8400BBD003 /* Products */;
			projectDirPath = "";
			projectRoot = "";
			targets = (
				527169601A72AA8400BBD003 /* Sidebar Demo */,
				527169701A72AA8400BBD003 /* Sidebar DemoTests */,
			);
		};
/* End PBXProject section */

/* Begin PBXResourcesBuildPhase section */
		5271695F1A72AA8400BBD003 /* Resources */ = {
			isa = PBXResourcesBuildPhase;
			buildActionMask = 2147483647;
			files = (
				527169691A72AA8400BBD003 /* Images.xcassets in Resources */,
				5271696C1A72AA8400BBD003 /* MainMenu.xib in Resources */,
			);
			runOnlyForDeploymentPostprocessing = 0;
		};
		5271696F1A72AA8400BBD003 /* Resources */ = {
			isa = PBXResourcesBuildPhase;
			buildActionMask = 2147483647;
			files = (
			);
			runOnlyForDeploymentPostprocessing = 0;
		};
/* End PBXResourcesBuildPhase section */

/* Begin PBXSourcesBuildPhase section */
		5271695D1A72AA8400BBD003 /* Sources */ = {
			isa = PBXSourcesBuildPhase;
			buildActionMask = 2147483647;
			files = (
				527169671A72AA8400BBD003 /* AppDelegate.swift in Sources */,
			);
			runOnlyForDeploymentPostprocessing = 0;
		};
		5271696D1A72AA8400BBD003 /* Sources */ = {
			isa = PBXSourcesBuildPhase;
			buildActionMask = 2147483647;
			files = (
				527169781A72AA8400BBD003 /* Sidebar_DemoTests.swift in Sources */,
			);
			runOnlyForDeploymentPostprocessing = 0;
		};
/* End PBXSourcesBuildPhase section */

/* Begin PBXTargetDependency section */
		527169731A72AA8400BBD003 /* PBXTargetDependency */ = {
			isa = PBXTargetDependency;
			target = 527169601A72AA8400BBD003 /* Sidebar Demo */;
			targetProxy = 527169721A72AA8400BBD003 /* PBXContainerItemProxy */;
		};
/* End PBXTargetDependency section */

/* Begin PBXVariantGroup section */
		5271696A1A72AA8400BBD003 /* MainMenu.xib */ = {
			isa = PBXVariantGroup;
			children = (
				5271696B1A72AA8400BBD003 /* Base */,
			);
			name = MainMenu.xib;
			sourceTree = "<group>";
		};
/* End PBXVariantGroup section */

/* Begin XCBuildConfiguration section */
		527169791A72AA8400BBD003 /* Debug */ = {
			isa = XCBuildConfiguration;
			buildSettings = {
				ALWAYS_SEARCH_USER_PATHS = NO;
				CLANG_CXX_LANGUAGE_STANDARD = "gnu++0x";
				CLANG_CXX_LIBRARY = "libc++";
				CLANG_ENABLE_MODULES = YES;
				CLANG_ENABLE_OBJC_ARC = YES;
				CLANG_WARN_BOOL_CONVERSION = YES;
				CLANG_WARN_CONSTANT_CONVERSION = YES;
				CLANG_WARN_DIRECT_OBJC_ISA_USAGE = YES_ERROR;
				CLANG_WARN_EMPTY_BODY = YES;
				CLANG_WARN_ENUM_CONVERSION = YES;
				CLANG_WARN_INT_CONVERSION = YES;
				CLANG_WARN_OBJC_ROOT_CLASS = YES_ERROR;
				CLANG_WARN_UNREACHABLE_CODE = YES;
				CLANG_WARN__DUPLICATE_METHOD_MATCH = YES;
				CODE_SIGN_IDENTITY = "-";
				COPY_PHASE_STRIP = NO;
				ENABLE_STRICT_OBJC_MSGSEND = YES;
				GCC_C_LANGUAGE_STANDARD = gnu99;
				GCC_DYNAMIC_NO_PIC = NO;
				GCC_OPTIMIZATION_LEVEL = 0;
				GCC_PREPROCESSOR_DEFINITIONS = (
					"DEBUG=1",
					"$(inherited)",
				);
				GCC_SYMBOLS_PRIVATE_EXTERN = NO;
				GCC_WARN_64_TO_32_BIT_CONVERSION = YES;
				GCC_WARN_ABOUT_RETURN_TYPE = YES_ERROR;
				GCC_WARN_UNDECLARED_SELECTOR = YES;
				GCC_WARN_UNINITIALIZED_AUTOS = YES_AGGRESSIVE;
				GCC_WARN_UNUSED_FUNCTION = YES;
				GCC_WARN_UNUSED_VARIABLE = YES;
				MACOSX_DEPLOYMENT_TARGET = 10.10;
				MTL_ENABLE_DEBUG_INFO = YES;
				ONLY_ACTIVE_ARCH = YES;
				SDKROOT = macosx;
				SWIFT_OPTIMIZATION_LEVEL = "-Onone";
			};
			name = Debug;
		};
		5271697A1A72AA8400BBD003 /* Release */ = {
			isa = XCBuildConfiguration;
			buildSettings = {
				ALWAYS_SEARCH_USER_PATHS = NO;
				CLANG_CXX_LANGUAGE_STANDARD = "gnu++0x";
				CLANG_CXX_LIBRARY = "libc++";
				CLANG_ENABLE_MODULES = YES;
				CLANG_ENABLE_OBJC_ARC = YES;
				CLANG_WARN_BOOL_CONVERSION = YES;
				CLANG_WARN_CONSTANT_CONVERSION = YES;
				CLANG_WARN_DIRECT_OBJC_ISA_USAGE = YES_ERROR;
				CLANG_WARN_EMPTY_BODY = YES;
				CLANG_WARN_ENUM_CONVERSION = YES;
				CLANG_WARN_INT_CONVERSION = YES;
				CLANG_WARN_OBJC_ROOT_CLASS = YES_ERROR;
				CLANG_WARN_UNREACHABLE_CODE = YES;
				CLANG_WARN__DUPLICATE_METHOD_MATCH = YES;
				CODE_SIGN_IDENTITY = "-";
				COPY_PHASE_STRIP = YES;
				DEBUG_INFORMATION_FORMAT = "dwarf-with-dsym";
				ENABLE_NS_ASSERTIONS = NO;
				ENABLE_STRICT_OBJC_MSGSEND = YES;
				GCC_C_LANGUAGE_STANDARD = gnu99;
				GCC_WARN_64_TO_32_BIT_CONVERSION = YES;
				GCC_WARN_ABOUT_RETURN_TYPE = YES_ERROR;
				GCC_WARN_UNDECLARED_SELECTOR = YES;
				GCC_WARN_UNINITIALIZED_AUTOS = YES_AGGRESSIVE;
				GCC_WARN_UNUSED_FUNCTION = YES;
				GCC_WARN_UNUSED_VARIABLE = YES;
				MACOSX_DEPLOYMENT_TARGET = 10.10;
				MTL_ENABLE_DEBUG_INFO = NO;
				SDKROOT = macosx;
			};
			name = Release;
		};
		5271697C1A72AA8400BBD003 /* Debug */ = {
			isa = XCBuildConfiguration;
			buildSettings = {
				ASSETCATALOG_COMPILER_APPICON_NAME = AppIcon;
				COMBINE_HIDPI_IMAGES = YES;
				INFOPLIST_FILE = "Sidebar Demo/Info.plist";
				LD_RUNPATH_SEARCH_PATHS = "$(inherited) @executable_path/../Frameworks";
				PRODUCT_NAME = "$(TARGET_NAME)";
			};
			name = Debug;
		};
		5271697D1A72AA8400BBD003 /* Release */ = {
			isa = XCBuildConfiguration;
			buildSettings = {
				ASSETCATALOG_COMPILER_APPICON_NAME = AppIcon;
				COMBINE_HIDPI_IMAGES = YES;
				INFOPLIST_FILE = "Sidebar Demo/Info.plist";
				LD_RUNPATH_SEARCH_PATHS = "$(inherited) @executable_path/../Frameworks";
				PRODUCT_NAME = "$(TARGET_NAME)";
			};
			name = Release;
		};
		5271697F1A72AA8400BBD003 /* Debug */ = {
			isa = XCBuildConfiguration;
			buildSettings = {
				BUNDLE_LOADER = "$(TEST_HOST)";
				COMBINE_HIDPI_IMAGES = YES;
				FRAMEWORK_SEARCH_PATHS = (
					"$(DEVELOPER_FRAMEWORKS_DIR)",
					"$(inherited)",
				);
				GCC_PREPROCESSOR_DEFINITIONS = (
					"DEBUG=1",
					"$(inherited)",
				);
				INFOPLIST_FILE = "Sidebar DemoTests/Info.plist";
				LD_RUNPATH_SEARCH_PATHS = "$(inherited) @executable_path/../Frameworks @loader_path/../Frameworks";
				PRODUCT_NAME = "$(TARGET_NAME)";
				TEST_HOST = "$(BUILT_PRODUCTS_DIR)/Sidebar Demo.app/Contents/MacOS/Sidebar Demo";
			};
			name = Debug;
		};
		527169801A72AA8400BBD003 /* Release */ = {
			isa = XCBuildConfiguration;
			buildSettings = {
				BUNDLE_LOADER = "$(TEST_HOST)";
				COMBINE_HIDPI_IMAGES = YES;
				FRAMEWORK_SEARCH_PATHS = (
					"$(DEVELOPER_FRAMEWORKS_DIR)",
					"$(inherited)",
				);
				INFOPLIST_FILE = "Sidebar DemoTests/Info.plist";
				LD_RUNPATH_SEARCH_PATHS = "$(inherited) @executable_path/../Frameworks @loader_path/../Frameworks";
				PRODUCT_NAME = "$(TARGET_NAME)";
				TEST_HOST = "$(BUILT_PRODUCTS_DIR)/Sidebar Demo.app/Contents/MacOS/Sidebar Demo";
			};
			name = Release;
		};
/* End XCBuildConfiguration section */

/* Begin XCConfigurationList section */
		5271695C1A72AA8400BBD003 /* Build configuration list for PBXProject "Sidebar Demo" */ = {
			isa = XCConfigurationList;
			buildConfigurations = (
				527169791A72AA8400BBD003 /* Debug */,
				5271697A1A72AA8400BBD003 /* Release */,
			);
			defaultConfigurationIsVisible = 0;
			defaultConfigurationName = Release;
		};
		5271697B1A72AA8400BBD003 /* Build configuration list for PBXNativeTarget "Sidebar Demo" */ = {
			isa = XCConfigurationList;
			buildConfigurations = (
				5271697C1A72AA8400BBD003 /* Debug */,
				5271697D1A72AA8400BBD003 /* Release */,
			);
			defaultConfigurationIsVisible = 0;
		};
		5271697E1A72AA8400BBD003 /* Build configuration list for PBXNativeTarget "Sidebar DemoTests" */ = {
			isa = XCConfigurationList;
			buildConfigurations = (
				5271697F1A72AA8400BBD003 /* Debug */,
				527169801A72AA8400BBD003 /* Release */,
			);
			defaultConfigurationIsVisible = 0;
		};
/* End XCConfigurationList section */
	};
	rootObject = 527169591A72AA8400BBD003 /* Project object */;
}
